
Microsoft Visual Studio Solution File, Format Version 12.00
# Visual Studio Version 16
VisualStudioVersion = 16.0.31112.23
MinimumVisualStudioVersion = 10.0.40219.1
Project("{9A19103F-16F7-4668-BE54-9A1E7A4F7556}") = "AssociacaoQueriesMySQL", "AssociacaoQueriesMySQL\AssociacaoQueriesMySQL.csproj", "{82626FAC-165A-4A36-A668-4B4B3A45B6FA}"
EndProject
Project("{9A19103F-16F7-4668-BE54-9A1E7A4F7556}") = "AssociacaoQueriesMySQL.Database", "AssociacaoQueriesMySQL.Database\AssociacaoQueriesMySQL.Database.csproj", "{90D3F02A-92CE-4779-8E4B-963A8FB0371F}"
EndProject
Project("{FAE04EC0-301F-11D3-BF4B-00C04F79EFBC}") = "AssociacaoQueriesMySQL.Core", "AssociacaoQueriesMySQL.Core\AssociacaoQueriesMySQL.Core.csproj", "{984C726F-B5BC-4CC8-B4CF-BEC52DA70D21}"
EndProject
Global
	GlobalSection(SolutionConfigurationPlatforms) = preSolution
		Debug|Any CPU = Debug|Any CPU
		Release|Any CPU = Release|Any CPU
	EndGlobalSection
	GlobalSection(ProjectConfigurationPlatforms) = postSolution
		{82626FAC-165A-4A36-A668-4B4B3A45B6FA}.Debug|Any CPU.ActiveCfg = Debug|Any CPU
		{82626FAC-165A-4A36-A668-4B4B3A45B6FA}.Debug|Any CPU.Build.0 = Debug|Any CPU
		{82626FAC-165A-4A36-A668-4B4B3A45B6FA}.Release|Any CPU.ActiveCfg = Release|Any CPU
		{82626FAC-165A-4A36-A668-4B4B3A45B6FA}.Release|Any CPU.Build.0 = Release|Any CPU
		{90D3F02A-92CE-4779-8E4B-963A8FB0371F}.Debug|Any CPU.ActiveCfg = Debug|Any CPU
		{90D3F02A-92CE-4779-8E4B-963A8FB0371F}.Debug|Any CPU.Build.0 = Debug|Any CPU
		{90D3F02A-92CE-4779-8E4B-963A8FB0371F}.Release|Any CPU.ActiveCfg = Release|Any CPU
		{90D3F02A-92CE-4779-8E4B-963A8FB0371F}.Release|Any CPU.Build.0 = Release|Any CPU
		{984C726F-B5BC-4CC8-B4CF-BEC52DA70D21}.Debug|Any CPU.ActiveCfg = Debug|Any CPU
		{984C726F-B5BC-4CC8-B4CF-BEC52DA70D21}.Debug|Any CPU.Build.0 = Debug|Any CPU
		{984C726F-B5BC-4CC8-B4CF-BEC52DA70D21}.Release|Any CPU.ActiveCfg = Release|Any CPU
		{984C726F-B5BC-4CC8-B4CF-BEC52DA70D21}.Release|Any CPU.Build.0 = Release|Any CPU
	EndGlobalSection
	GlobalSection(SolutionProperties) = preSolution
		HideSolutionNode = FALSE
	EndGlobalSection
	GlobalSection(ExtensibilityGlobals) = postSolution
		SolutionGuid = {99B8B1D3-424E-43A0-A54F-CD7F777F547C}
	EndGlobalSection
EndGlobal
